Microsoft Visual Studio Solution File, Format Version 12.00
# Visual Studio Version 17
VisualStudioVersion = 17.5.2.0
MinimumVisualStudioVersion = 10.0.40219.1
Project("{FAE04EC0-301F-11D3-BF4B-00C04F79EFBC}") = "EcologyLK.Api", "EcologyLK.Api.csproj", "{6F9DD8D5-BCBB-D560-D868-F079E484F0DA}"
EndProject
Global
	GlobalSection(SolutionConfigurationPlatforms) = preSolution
		Debug|Any CPU = Debug|Any CPU
		Release|Any CPU = Release|Any CPU
	EndGlobalSection
	GlobalSection(ProjectConfigurationPlatforms) = postSolution
		{6F9DD8D5-BCBB-D560-D868-F079E484F0DA}.Debug|Any CPU.ActiveCfg = Debug|Any CPU
		{6F9DD8D5-BCBB-D560-D868-F079E484F0DA}.Debug|Any CPU.Build.0 = Debug|Any CPU
		{6F9DD8D5-BCBB-D560-D868-F079E484F0DA}.Release|Any CPU.ActiveCfg = Release|Any CPU
		{6F9DD8D5-BCBB-D560-D868-F079E484F0DA}.Release|Any CPU.Build.0 = Release|Any CPU
	EndGlobalSection
	GlobalSection(SolutionProperties) = preSolution
		HideSolutionNode = FALSE
	EndGlobalSection
	GlobalSection(ExtensibilityGlobals) = postSolution
		SolutionGuid = {14290BD5-3627-4D5E-B0DF-B63705D61024}
	EndGlobalSection
EndGlobal
